// !$*UTF8*$!
{
	archiveVersion = 1;
	classes = {
	};
	objectVersion = 50;
	objects = {

/* Begin PBXBuildFile section */
		53CE947D25F4D0C300415405 /* StudyApp.swift in Sources */ = {isa = PBXBuildFile; fileRef = 53CE947C25F4D0C300415405 /* StudyApp.swift */; };
		53CE947F25F4D0C300415405 /* ContentView.swift in Sources */ = {isa = PBXBuildFile; fileRef = 53CE947E25F4D0C300415405 /* ContentView.swift */; };
		53CE948125F4D0C400415405 /* Assets.xcassets in Resources */ = {isa = PBXBuildFile; fileRef = 53CE948025F4D0C400415405 /* Assets.xcassets */; };
		53CE948425F4D0C400415405 /* Preview Assets.xcassets in Resources */ = {isa = PBXBuildFile; fileRef = 53CE948325F4D0C400415405 /* Preview Assets.xcassets */; };
		53CE948F25F4D0C400415405 /* StudyTests.swift in Sources */ = {isa = PBXBuildFile; fileRef = 53CE948E25F4D0C400415405 /* StudyTests.swift */; };
		53CE949A25F4D0C400415405 /* StudyUITests.swift in Sources */ = {isa = PBXBuildFile; fileRef = 53CE949925F4D0C400415405 /* StudyUITests.swift */; };
		53CE94AB25F4D0F500415405 /* StudyGuardOptional.swift in Sources */ = {isa = PBXBuildFile; fileRef = 53CE94AA25F4D0F500415405 /* StudyGuardOptional.swift */; };
/* End PBXBuildFile section */

/* Begin PBXContainerItemProxy section */
		53CE948B25F4D0C400415405 /* PBXContainerItemProxy */ = {
			isa = PBXContainerItemProxy;
			containerPortal = 53CE947125F4D0C300415405 /* Project object */;
			proxyType = 1;
			remoteGlobalIDString = 53CE947825F4D0C300415405;
			remoteInfo = Study;
		};
		53CE949625F4D0C400415405 /* PBXContainerItemProxy */ = {
			isa = PBXContainerItemProxy;
			containerPortal = 53CE947125F4D0C300415405 /* Project object */;
			proxyType = 1;
			remoteGlobalIDString = 53CE947825F4D0C300415405;
			remoteInfo = Study;
		};
/* End PBXContainerItemProxy section */

/* Begin PBXFileReference section */
		53CE947925F4D0C300415405 /* Study.app */ = {isa = PBXFileReference; explicitFileType = wrapper.application; includeInIndex = 0; path = Study.app; sourceTree = BUILT_PRODUCTS_DIR; };
		53CE947C25F4D0C300415405 /* StudyApp.swift */ = {isa = PBXFileReference; lastKnownFileType = sourcecode.swift; path = StudyApp.swift; sourceTree = "<group>"; };
		53CE947E25F4D0C300415405 /* ContentView.swift */ = {isa = PBXFileReference; lastKnownFileType = sourcecode.swift; path = ContentView.swift; sourceTree = "<group>"; };
		53CE948025F4D0C400415405 /* Assets.xcassets */ = {isa = PBXFileReference; lastKnownFileType = folder.assetcatalog; path = Assets.xcassets; sourceTree = "<group>"; };
		53CE948325F4D0C400415405 /* Preview Assets.xcassets */ = {isa = PBXFileReference; lastKnownFileType = folder.assetcatalog; path = "Preview Assets.xcassets"; sourceTree = "<group>"; };
		53CE948525F4D0C400415405 /* Info.plist */ = {isa = PBXFileReference; lastKnownFileType = text.plist.xml; path = Info.plist; sourceTree = "<group>"; };
		53CE948A25F4D0C400415405 /* StudyTests.xctest */ = {isa = PBXFileReference; explicitFileType = wrapper.cfbundle; includeInIndex = 0; path = StudyTests.xctest; sourceTree = BUILT_PRODUCTS_DIR; };
		53CE948E25F4D0C400415405 /* StudyTests.swift */ = {isa = PBXFileReference; lastKnownFileType = sourcecode.swift; path = StudyTests.swift; sourceTree = "<group>"; };
		53CE949025F4D0C400415405 /* Info.plist */ = {isa = PBXFileReference; lastKnownFileType = text.plist.xml; path = Info.plist; sourceTree = "<group>"; };
		53CE949525F4D0C400415405 /* StudyUITests.xctest */ = {isa = PBXFileReference; explicitFileType = wrapper.cfbundle; includeInIndex = 0; path = StudyUITests.xctest; sourceTree = BUILT_PRODUCTS_DIR; };
		53CE949925F4D0C400415405 /* StudyUITests.swift */ = {isa = PBXFileReference; lastKnownFileType = sourcecode.swift; path = StudyUITests.swift; sourceTree = "<group>"; };
		53CE949B25F4D0C400415405 /* Info.plist */ = {isa = PBXFileReference; lastKnownFileType = text.plist.xml; path = Info.plist; sourceTree = "<group>"; };
		53CE94AA25F4D0F500415405 /* StudyGuardOptional.swift */ = {isa = PBXFileReference; lastKnownFileType = sourcecode.swift; path = StudyGuardOptional.swift; sourceTree = "<group>"; };
/* End PBXFileReference section */

/* Begin PBXFrameworksBuildPhase section */
		53CE947625F4D0C300415405 /* Frameworks */ = {
			isa = PBXFrameworksBuildPhase;
			buildActionMask = 2147483647;
			files = (
			);
			runOnlyForDeploymentPostprocessing = 0;
		};
		53CE948725F4D0C400415405 /* Frameworks */ = {
			isa = PBXFrameworksBuildPhase;
			buildActionMask = 2147483647;
			files = (
			);
			runOnlyForDeploymentPostprocessing = 0;
		};
		53CE949225F4D0C400415405 /* Frameworks */ = {
			isa = PBXFrameworksBuildPhase;
			buildActionMask = 2147483647;
			files = (
			);
			runOnlyForDeploymentPostprocessing = 0;
		};
/* End PBXFrameworksBuildPhase section */

/* Begin PBXGroup section */
		53CE947025F4D0C300415405 = {
			isa = PBXGroup;
			children = (
				53CE947B25F4D0C300415405 /* Study */,
				53CE948D25F4D0C400415405 /* StudyTests */,
				53CE949825F4D0C400415405 /* StudyUITests */,
				53CE947A25F4D0C300415405 /* Products */,
			);
			sourceTree = "<group>";
		};
		53CE947A25F4D0C300415405 /* Products */ = {
			isa = PBXGroup;
			children = (
				53CE947925F4D0C300415405 /* Study.app */,
				53CE948A25F4D0C400415405 /* StudyTests.xctest */,
				53CE949525F4D0C400415405 /* StudyUITests.xctest */,
			);
			name = Products;
			sourceTree = "<group>";
		};
		53CE947B25F4D0C300415405 /* Study */ = {
			isa = PBXGroup;
			children = (
				53CE947C25F4D0C300415405 /* StudyApp.swift */,
				53CE947E25F4D0C300415405 /* ContentView.swift */,
				53CE948025F4D0C400415405 /* Assets.xcassets */,
				53CE948525F4D0C400415405 /* Info.plist */,
				53CE948225F4D0C400415405 /* Preview Content */,
				53CE94AA25F4D0F500415405 /* StudyGuardOptional.swift */,
			);
			path = Study;
			sourceTree = "<group>";
		};
		53CE948225F4D0C400415405 /* Preview Content */ = {
			isa = PBXGroup;
			children = (
				53CE948325F4D0C400415405 /* Preview Assets.xcassets */,
			);
			path = "Preview Content";
			sourceTree = "<group>";
		};
		53CE948D25F4D0C400415405 /* StudyTests */ = {
			isa = PBXGroup;
			children = (
				53CE948E25F4D0C400415405 /* StudyTests.swift */,
				53CE949025F4D0C400415405 /* Info.plist */,
			);
			path = StudyTests;
			sourceTree = "<group>";
		};
		53CE949825F4D0C400415405 /* StudyUITests */ = {
			isa = PBXGroup;
			children = (
				53CE949925F4D0C400415405 /* StudyUITests.swift */,
				53CE949B25F4D0C400415405 /* Info.plist */,
			);
			path = StudyUITests;
			sourceTree = "<group>";
		};
/* End PBXGroup section */

/* Begin PBXNativeTarget section */
		53CE947825F4D0C300415405 /* Study */ = {
			isa = PBXNativeTarget;
			buildConfigurationList = 53CE949E25F4D0C400415405 /* Build configuration list for PBXNativeTarget "Study" */;
			buildPhases = (
				53CE947525F4D0C300415405 /* Sources */,
				53CE947625F4D0C300415405 /* Frameworks */,
				53CE947725F4D0C300415405 /* Resources */,
			);
			buildRules = (
			);
			dependencies = (
			);
			name = Study;
			productName = Study;
			productReference = 53CE947925F4D0C300415405 /* Study.app */;
			productType = "com.apple.product-type.application";
		};
		53CE948925F4D0C400415405 /* StudyTests */ = {
			isa = PBXNativeTarget;
			buildConfigurationList = 53CE94A125F4D0C400415405 /* Build configuration list for PBXNativeTarget "StudyTests" */;
			buildPhases = (
				53CE948625F4D0C400415405 /* Sources */,
				53CE948725F4D0C400415405 /* Frameworks */,
				53CE948825F4D0C400415405 /* Resources */,
			);
			buildRules = (
			);
			dependencies = (
				53CE948C25F4D0C400415405 /* PBXTargetDependency */,
			);
			name = StudyTests;
			productName = StudyTests;
			productReference = 53CE948A25F4D0C400415405 /* StudyTests.xctest */;
			productType = "com.apple.product-type.bundle.unit-test";
		};
		53CE949425F4D0C400415405 /* StudyUITests */ = {
			isa = PBXNativeTarget;
			buildConfigurationList = 53CE94A425F4D0C400415405 /* Build configuration list for PBXNativeTarget "StudyUITests" */;
			buildPhases = (
				53CE949125F4D0C400415405 /* Sources */,
				53CE949225F4D0C400415405 /* Frameworks */,
				53CE949325F4D0C400415405 /* Resources */,
			);
			buildRules = (
			);
			dependencies = (
				53CE949725F4D0C400415405 /* PBXTargetDependency */,
			);
			name = StudyUITests;
			productName = StudyUITests;
			productReference = 53CE949525F4D0C400415405 /* StudyUITests.xctest */;
			productType = "com.apple.product-type.bundle.ui-testing";
		};
/* End PBXNativeTarget section */

/* Begin PBXProject section */
		53CE947125F4D0C300415405 /* Project object */ = {
			isa = PBXProject;
			attributes = {
				LastSwiftUpdateCheck = 1230;
				LastUpgradeCheck = 1230;
				TargetAttributes = {
					53CE947825F4D0C300415405 = {
						CreatedOnToolsVersion = 12.3;
					};
					53CE948925F4D0C400415405 = {
						CreatedOnToolsVersion = 12.3;
						TestTargetID = 53CE947825F4D0C300415405;
					};
					53CE949425F4D0C400415405 = {
						CreatedOnToolsVersion = 12.3;
						TestTargetID = 53CE947825F4D0C300415405;
					};
				};
			};
			buildConfigurationList = 53CE947425F4D0C300415405 /* Build configuration list for PBXProject "Study" */;
			compatibilityVersion = "Xcode 9.3";
			developmentRegion = en;
			hasScannedForEncodings = 0;
			knownRegions = (
				en,
				Base,
			);
			mainGroup = 53CE947025F4D0C300415405;
			productRefGroup = 53CE947A25F4D0C300415405 /* Products */;
			projectDirPath = "";
			projectRoot = "";
			targets = (
				53CE947825F4D0C300415405 /* Study */,
				53CE948925F4D0C400415405 /* StudyTests */,
				53CE949425F4D0C400415405 /* StudyUITests */,
			);
		};
/* End PBXProject section */

/* Begin PBXResourcesBuildPhase section */
		53CE947725F4D0C300415405 /* Resources */ = {
			isa = PBXResourcesBuildPhase;
			buildActionMask = 2147483647;
			files = (
				53CE948425F4D0C400415405 /* Preview Assets.xcassets in Resources */,
				53CE948125F4D0C400415405 /* Assets.xcassets in Resources */,
			);
			runOnlyForDeploymentPostprocessing = 0;
		};
		53CE948825F4D0C400415405 /* Resources */ = {
			isa = PBXResourcesBuildPhase;
			buildActionMask = 2147483647;
			files = (
			);
			runOnlyForDeploymentPostprocessing = 0;
		};
		53CE949325F4D0C400415405 /* Resources */ = {
			isa = PBXResourcesBuildPhase;
			buildActionMask = 2147483647;
			files = (
			);
			runOnlyForDeploymentPostprocessing = 0;
		};
/* End PBXResourcesBuildPhase section */

/* Begin PBXSourcesBuildPhase section */
		53CE947525F4D0C300415405 /* Sources */ = {
			isa = PBXSourcesBuildPhase;
			buildActionMask = 2147483647;
			files = (
				53CE94AB25F4D0F500415405 /* StudyGuardOptional.swift in Sources */,
				53CE947F25F4D0C300415405 /* ContentView.swift in Sources */,
				53CE947D25F4D0C300415405 /* StudyApp.swift in Sources */,
			);
			runOnlyForDeploymentPostprocessing = 0;
		};
		53CE948625F4D0C400415405 /* Sources */ = {
			isa = PBXSourcesBuildPhase;
			buildActionMask = 2147483647;
			files = (
				53CE948F25F4D0C400415405 /* StudyTests.swift in Sources */,
			);
			runOnlyForDeploymentPostprocessing = 0;
		};
		53CE949125F4D0C400415405 /* Sources */ = {
			isa = PBXSourcesBuildPhase;
			buildActionMask = 2147483647;
			files = (
				53CE949A25F4D0C400415405 /* StudyUITests.swift in Sources */,
			);
			runOnlyForDeploymentPostprocessing = 0;
		};
/* End PBXSourcesBuildPhase section */

/* Begin PBXTargetDependency section */
		53CE948C25F4D0C400415405 /* PBXTargetDependency */ = {
			isa = PBXTargetDependency;
			target = 53CE947825F4D0C300415405 /* Study */;
			targetProxy = 53CE948B25F4D0C400415405 /* PBXContainerItemProxy */;
		};
		53CE949725F4D0C400415405 /* PBXTargetDependency */ = {
			isa = PBXTargetDependency;
			target = 53CE947825F4D0C300415405 /* Study */;
			targetProxy = 53CE949625F4D0C400415405 /* PBXContainerItemProxy */;
		};
/* End PBXTargetDependency section */

/* Begin XCBuildConfiguration section */
		53CE949C25F4D0C400415405 /* Debug */ = {
			isa = XCBuildConfiguration;
			buildSettings = {
				ALWAYS_SEARCH_USER_PATHS = NO;
				CLANG_ANALYZER_NONNULL = YES;
				CLANG_ANALYZER_NUMBER_OBJECT_CONVERSION = YES_AGGRESSIVE;
				CLANG_CXX_LANGUAGE_STANDARD = "gnu++14";
				CLANG_CXX_LIBRARY = "libc++";
				CLANG_ENABLE_MODULES = YES;
				CLANG_ENABLE_OBJC_ARC = YES;
				CLANG_ENABLE_OBJC_WEAK = YES;
				CLANG_WARN_BLOCK_CAPTURE_AUTORELEASING = YES;
				CLANG_WARN_BOOL_CONVERSION = YES;
				CLANG_WARN_COMMA = YES;
				CLANG_WARN_CONSTANT_CONVERSION = YES;
				CLANG_WARN_DEPRECATED_OBJC_IMPLEMENTATIONS = YES;
				CLANG_WARN_DIRECT_OBJC_ISA_USAGE = YES_ERROR;
				CLANG_WARN_DOCUMENTATION_COMMENTS = YES;
				CLANG_WARN_EMPTY_BODY = YES;
				CLANG_WARN_ENUM_CONVERSION = YES;
				CLANG_WARN_INFINITE_RECURSION = YES;
				CLANG_WARN_INT_CONVERSION = YES;
				CLANG_WARN_NON_LITERAL_NULL_CONVERSION = YES;
				CLANG_WARN_OBJC_IMPLICIT_RETAIN_SELF = YES;
				CLANG_WARN_OBJC_LITERAL_CONVERSION = YES;
				CLANG_WARN_OBJC_ROOT_CLASS = YES_ERROR;
				CLANG_WARN_QUOTED_INCLUDE_IN_FRAMEWORK_HEADER = YES;
				CLANG_WARN_RANGE_LOOP_ANALYSIS = YES;
				CLANG_WARN_STRICT_PROTOTYPES = YES;
				CLANG_WARN_SUSPICIOUS_MOVE = YES;
				CLANG_WARN_UNGUARDED_AVAILABILITY = YES_AGGRESSIVE;
				CLANG_WARN_UNREACHABLE_CODE = YES;
				CLANG_WARN__DUPLICATE_METHOD_MATCH = YES;
				COPY_PHASE_STRIP = NO;
				DEBUG_INFORMATION_FORMAT = dwarf;
				ENABLE_STRICT_OBJC_MSGSEND = YES;
				ENABLE_TESTABILITY = YES;
				GCC_C_LANGUAGE_STANDARD = gnu11;
				GCC_DYNAMIC_NO_PIC = NO;
				GCC_NO_COMMON_BLOCKS = YES;
				GCC_OPTIMIZATION_LEVEL = 0;
				GCC_PREPROCESSOR_DEFINITIONS = (
					"DEBUG=1",
					"$(inherited)",
				);
				GCC_WARN_64_TO_32_BIT_CONVERSION = YES;
				GCC_WARN_ABOUT_RETURN_TYPE = YES_ERROR;
				GCC_WARN_UNDECLARED_SELECTOR = YES;
				GCC_WARN_UNINITIALIZED_AUTOS = YES_AGGRESSIVE;
				GCC_WARN_UNUSED_FUNCTION = YES;
				GCC_WARN_UNUSED_VARIABLE = YES;
				IPHONEOS_DEPLOYMENT_TARGET = 14.3;
				MTL_ENABLE_DEBUG_INFO = INCLUDE_SOURCE;
				MTL_FAST_MATH = YES;
				ONLY_ACTIVE_ARCH = YES;
				SDKROOT = iphoneos;
				SWIFT_ACTIVE_COMPILATION_CONDITIONS = DEBUG;
				SWIFT_OPTIMIZATION_LEVEL = "-Onone";
			};
			name = Debug;
		};
		53CE949D25F4D0C400415405 /* Release */ = {
			isa = XCBuildConfiguration;
			buildSettings = {
				ALWAYS_SEARCH_USER_PATHS = NO;
				CLANG_ANALYZER_NONNULL = YES;
				CLANG_ANALYZER_NUMBER_OBJECT_CONVERSION = YES_AGGRESSIVE;
				CLANG_CXX_LANGUAGE_STANDARD = "gnu++14";
				CLANG_CXX_LIBRARY = "libc++";
				CLANG_ENABLE_MODULES = YES;
				CLANG_ENABLE_OBJC_ARC = YES;
				CLANG_ENABLE_OBJC_WEAK = YES;
				CLANG_WARN_BLOCK_CAPTURE_AUTORELEASING = YES;
				CLANG_WARN_BOOL_CONVERSION = YES;
				CLANG_WARN_COMMA = YES;
				CLANG_WARN_CONSTANT_CONVERSION = YES;
				CLANG_WARN_DEPRECATED_OBJC_IMPLEMENTATIONS = YES;
				CLANG_WARN_DIRECT_OBJC_ISA_USAGE = YES_ERROR;
				CLANG_WARN_DOCUMENTATION_COMMENTS = YES;
				CLANG_WARN_EMPTY_BODY = YES;
				CLANG_WARN_ENUM_CONVERSION = YES;
				CLANG_WARN_INFINITE_RECURSION = YES;
				CLANG_WARN_INT_CONVERSION = YES;
				CLANG_WARN_NON_LITERAL_NULL_CONVERSION = YES;
				CLANG_WARN_OBJC_IMPLICIT_RETAIN_SELF = YES;
				CLANG_WARN_OBJC_LITERAL_CONVERSION = YES;
				CLANG_WARN_OBJC_ROOT_CLASS = YES_ERROR;
				CLANG_WARN_QUOTED_INCLUDE_IN_FRAMEWORK_HEADER = YES;
				CLANG_WARN_RANGE_LOOP_ANALYSIS = YES;
				CLANG_WARN_STRICT_PROTOTYPES = YES;
				CLANG_WARN_SUSPICIOUS_MOVE = YES;
				CLANG_WARN_UNGUARDED_AVAILABILITY = YES_AGGRESSIVE;
				CLANG_WARN_UNREACHABLE_CODE = YES;
				CLANG_WARN__DUPLICATE_METHOD_MATCH = YES;
				COPY_PHASE_STRIP = NO;
				DEBUG_INFORMATION_FORMAT = "dwarf-with-dsym";
				ENABLE_NS_ASSERTIONS = NO;
				ENABLE_STRICT_OBJC_MSGSEND = YES;
				GCC_C_LANGUAGE_STANDARD = gnu11;
				GCC_NO_COMMON_BLOCKS = YES;
				GCC_WARN_64_TO_32_BIT_CONVERSION = YES;
				GCC_WARN_ABOUT_RETURN_TYPE = YES_ERROR;
				GCC_WARN_UNDECLARED_SELECTOR = YES;
				GCC_WARN_UNINITIALIZED_AUTOS = YES_AGGRESSIVE;
				GCC_WARN_UNUSED_FUNCTION = YES;
				GCC_WARN_UNUSED_VARIABLE = YES;
				IPHONEOS_DEPLOYMENT_TARGET = 14.3;
				MTL_ENABLE_DEBUG_INFO = NO;
				MTL_FAST_MATH = YES;
				SDKROOT = iphoneos;
				SWIFT_COMPILATION_MODE = wholemodule;
				SWIFT_OPTIMIZATION_LEVEL = "-O";
				VALIDATE_PRODUCT = YES;
			};
			name = Release;
		};
		53CE949F25F4D0C400415405 /* Debug */ = {
			isa = XCBuildConfiguration;
			buildSettings = {
				ASSETCATALOG_COMPILER_APPICON_NAME = AppIcon;
				ASSETCATALOG_COMPILER_GLOBAL_ACCENT_COLOR_NAME = AccentColor;
				CODE_SIGN_STYLE = Automatic;
				DEVELOPMENT_ASSET_PATHS = "\"Study/Preview Content\"";
				ENABLE_PREVIEWS = YES;
				INFOPLIST_FILE = Study/Info.plist;
				IPHONEOS_DEPLOYMENT_TARGET = 14.0;
				LD_RUNPATH_SEARCH_PATHS = (
					"$(inherited)",
					"@executable_path/Frameworks",
				);
				PRODUCT_BUNDLE_IDENTIFIER = "-23.Study";
				PRODUCT_NAME = "$(TARGET_NAME)";
				SWIFT_VERSION = 5.0;
				TARGETED_DEVICE_FAMILY = "1,2";
			};
			name = Debug;
		};
		53CE94A025F4D0C400415405 /* Release */ = {
			isa = XCBuildConfiguration;
			buildSettings = {
				ASSETCATALOG_COMPILER_APPICON_NAME = AppIcon;
				ASSETCATALOG_COMPILER_GLOBAL_ACCENT_COLOR_NAME = AccentColor;
				CODE_SIGN_STYLE = Automatic;
				DEVELOPMENT_ASSET_PATHS = "\"Study/Preview Content\"";
				ENABLE_PREVIEWS = YES;
				INFOPLIST_FILE = Study/Info.plist;
				IPHONEOS_DEPLOYMENT_TARGET = 14.0;
				LD_RUNPATH_SEARCH_PATHS = (
					"$(inherited)",
					"@executable_path/Frameworks",
				);
				PRODUCT_BUNDLE_IDENTIFIER = "-23.Study";
				PRODUCT_NAME = "$(TARGET_NAME)";
				SWIFT_VERSION = 5.0;
				TARGETED_DEVICE_FAMILY = "1,2";
			};
			name = Release;
		};
		53CE94A225F4D0C400415405 /* Debug */ = {
			isa = XCBuildConfiguration;
			buildSettings = {
				ALWAYS_EMBED_SWIFT_STANDARD_LIBRARIES = YES;
				BUNDLE_LOADER = "$(TEST_HOST)";
				CODE_SIGN_STYLE = Automatic;
				INFOPLIST_FILE = StudyTests/Info.plist;
				IPHONEOS_DEPLOYMENT_TARGET = 14.0;
				LD_RUNPATH_SEARCH_PATHS = (
					"$(inherited)",
					"@executable_path/Frameworks",
					"@loader_path/Frameworks",
				);
				PRODUCT_BUNDLE_IDENTIFIER = "-23.StudyTests";
				PRODUCT_NAME = "$(TARGET_NAME)";
				SWIFT_VERSION = 5.0;
				TARGETED_DEVICE_FAMILY = "1,2";
				TEST_HOST = "$(BUILT_PRODUCTS_DIR)/Study.app/Study";
			};
			name = Debug;
		};
		53CE94A325F4D0C400415405 /* Release */ = {
			isa = XCBuildConfiguration;
			buildSettings = {
				ALWAYS_EMBED_SWIFT_STANDARD_LIBRARIES = YES;
				BUNDLE_LOADER = "$(TEST_HOST)";
				CODE_SIGN_STYLE = Automatic;
				INFOPLIST_FILE = StudyTests/Info.plist;
				IPHONEOS_DEPLOYMENT_TARGET = 14.0;
				LD_RUNPATH_SEARCH_PATHS = (
					"$(inherited)",
					"@executable_path/Frameworks",
					"@loader_path/Frameworks",
				);
				PRODUCT_BUNDLE_IDENTIFIER = "-23.StudyTests";
				PRODUCT_NAME = "$(TARGET_NAME)";
				SWIFT_VERSION = 5.0;
				TARGETED_DEVICE_FAMILY = "1,2";
				TEST_HOST = "$(BUILT_PRODUCTS_DIR)/Study.app/Study";
			};
			name = Release;
		};
		53CE94A525F4D0C400415405 /* Debug */ = {
			isa = XCBuildConfiguration;
			buildSettings = {
				ALWAYS_EMBED_SWIFT_STANDARD_LIBRARIES = YES;
				CODE_SIGN_STYLE = Automatic;
				INFOPLIST_FILE = StudyUITests/Info.plist;
				LD_RUNPATH_SEARCH_PATHS = (
					"$(inherited)",
					"@executable_path/Frameworks",
					"@loader_path/Frameworks",
				);
				PRODUCT_BUNDLE_IDENTIFIER = "-23.StudyUITests";
				PRODUCT_NAME = "$(TARGET_NAME)";
				SWIFT_VERSION = 5.0;
				TARGETED_DEVICE_FAMILY = "1,2";
				TEST_TARGET_NAME = Study;
			};
			name = Debug;
		};
		53CE94A625F4D0C400415405 /* Release */ = {
			isa = XCBuildConfiguration;
			buildSettings = {
				ALWAYS_EMBED_SWIFT_STANDARD_LIBRARIES = YES;
				CODE_SIGN_STYLE = Automatic;
				INFOPLIST_FILE = StudyUITests/Info.plist;
				LD_RUNPATH_SEARCH_PATHS = (
					"$(inherited)",
					"@executable_path/Frameworks",
					"@loader_path/Frameworks",
				);
				PRODUCT_BUNDLE_IDENTIFIER = "-23.StudyUITests";
				PRODUCT_NAME = "$(TARGET_NAME)";
				SWIFT_VERSION = 5.0;
				TARGETED_DEVICE_FAMILY = "1,2";
				TEST_TARGET_NAME = Study;
			};
			name = Release;
		};
/* End XCBuildConfiguration section */

/* Begin XCConfigurationList section */
		53CE947425F4D0C300415405 /* Build configuration list for PBXProject "Study" */ = {
			isa = XCConfigurationList;
			buildConfigurations = (
				53CE949C25F4D0C400415405 /* Debug */,
				53CE949D25F4D0C400415405 /* Release */,
			);
			defaultConfigurationIsVisible = 0;
			defaultConfigurationName = Release;
		};
		53CE949E25F4D0C400415405 /* Build configuration list for PBXNativeTarget "Study" */ = {
			isa = XCConfigurationList;
			buildConfigurations = (
				53CE949F25F4D0C400415405 /* Debug */,
				53CE94A025F4D0C400415405 /* Release */,
			);
			defaultConfigurationIsVisible = 0;
			defaultConfigurationName = Release;
		};
		53CE94A125F4D0C400415405 /* Build configuration list for PBXNativeTarget "StudyTests" */ = {
			isa = XCConfigurationList;
			buildConfigurations = (
				53CE94A225F4D0C400415405 /* Debug */,
				53CE94A325F4D0C400415405 /* Release */,
			);
			defaultConfigurationIsVisible = 0;
			defaultConfigurationName = Release;
		};
		53CE94A425F4D0C400415405 /* Build configuration list for PBXNativeTarget "StudyUITests" */ = {
			isa = XCConfigurationList;
			buildConfigurations = (
				53CE94A525F4D0C400415405 /* Debug */,
				53CE94A625F4D0C400415405 /* Release */,
			);
			defaultConfigurationIsVisible = 0;
			defaultConfigurationName = Release;
		};
/* End XCConfigurationList section */
	};
	rootObject = 53CE947125F4D0C300415405 /* Project object */;
}
